
Microsoft Visual Studio Solution File, Format Version 12.00
# Visual Studio Version 17
VisualStudioVersion = 17.4.33205.214
MinimumVisualStudioVersion = 10.0.40219.1
Project("{2150E333-8FDC-42A3-9474-1A3956D46DE8}") = "Solution Items", "Solution Items", "{87ED6573-F566-405B-8244-0AF8FFBDFEBE}"
	ProjectSection(SolutionItems) = preProject
		.gitignore = .gitignore
	EndProjectSection
EndProject
Project("{9A19103F-16F7-4668-BE54-9A1E7A4F7556}") = "AddTwoNumbers_2", "Medium\AddTwoNumbers_2\AddTwoNumbers_2.csproj", "{387DB167-6FDB-4F98-83EE-C964C35C1F72}"
EndProject
Project("{9A19103F-16F7-4668-BE54-9A1E7A4F7556}") = "LongestSubstringWithoutRepeatingCharacters_3", "Medium\LongestSubstringWithoutRepeatingCharacters_3\LongestSubstringWithoutRepeatingCharacters_3.csproj", "{C2F7ADC1-0F2B-49AA-8813-2D9C2E8492B6}"
EndProject
Project("{9A19103F-16F7-4668-BE54-9A1E7A4F7556}") = "LongestPalindromicString_5", "Medium\LongestPalindromicString_5\LongestPalindromicString_5.csproj", "{935E7B8C-ED5A-4F81-84F2-104BB84262A7}"
EndProject
Project("{9A19103F-16F7-4668-BE54-9A1E7A4F7556}") = "ReverseInteger_7", "Medium\ReverseInteger_7\ReverseInteger_7.csproj", "{66061F1A-92EE-41AF-BD93-4CDA78847183}"
EndProject
Project("{9A19103F-16F7-4668-BE54-9A1E7A4F7556}") = "StringToInteger_8", "Medium\StringToInteger_8\StringToInteger_8.csproj", "{A3D113FA-80AB-4330-BEA0-FA14A7078296}"
EndProject
Project("{9A19103F-16F7-4668-BE54-9A1E7A4F7556}") = "ContainerWithMostWater_11", "Medium\ContainerWithMostWater_11\ContainerWithMostWater_11.csproj", "{933DDDE1-0314-4A3A-8DCB-62C0633D51CE}"
EndProject
Project("{9A19103F-16F7-4668-BE54-9A1E7A4F7556}") = "3Sum_15", "Medium\3Sum_15\3Sum_15.csproj", "{608F3CD1-CA1A-43F0-995C-1756B26FFEF5}"
EndProject
Project("{9A19103F-16F7-4668-BE54-9A1E7A4F7556}") = "LetterCombinationsOfPhoneNumber_17", "Medium\LetterCombinationsOfPhoneNumber_17\LetterCombinationsOfPhoneNumber_17.csproj", "{0768528F-C00E-477E-8A27-8FBE4896DA15}"
EndProject
Project("{9A19103F-16F7-4668-BE54-9A1E7A4F7556}") = "IsomorphicStrings_205", "Easy\IsomorphicStrings_205\IsomorphicStrings_205.csproj", "{F7C281A8-6E13-49B2-A2FD-DECE5C1007C7}"
EndProject
Project("{9A19103F-16F7-4668-BE54-9A1E7A4F7556}") = "ContainsDuplicateII_219", "Easy\ContainsDuplicateII_219\ContainsDuplicateII_219.csproj", "{1BEE5ADF-4CB9-4881-868C-0E6B7CD56D31}"
EndProject
Project("{9A19103F-16F7-4668-BE54-9A1E7A4F7556}") = "PathSum_112", "Easy\PathSum_112\PathSum_112.csproj", "{3A748726-BAE2-49CB-B9F9-984E5A84506B}"
EndProject
Project("{9A19103F-16F7-4668-BE54-9A1E7A4F7556}") = "PascalTriangeII_119", "Easy\PascalTriangeII_119\PascalTriangeII_119.csproj", "{532F79EA-BBB3-4EAC-A1E2-C9BCED5A5488}"
EndProject
Project("{9A19103F-16F7-4668-BE54-9A1E7A4F7556}") = "RemoveNthNodeFromEndOfLinkedList_19", "Medium\RemoveNthNodeFromEndOfLinkedList_19\RemoveNthNodeFromEndOfLinkedList_19.csproj", "{C3E11168-510F-4E24-B627-DB0E09E7AFEE}"
EndProject
Project("{9A19103F-16F7-4668-BE54-9A1E7A4F7556}") = "GenerateParentheses_22", "Medium\GenerateParentheses_22\GenerateParentheses_22.csproj", "{2DC0ED64-25E0-4CA9-8E5E-08D160B77D50}"
EndProject
Project("{9A19103F-16F7-4668-BE54-9A1E7A4F7556}") = "FindIndexOfFirstOccurenceInString_28", "Medium\FindIndexOfFirstOccurenceInString_28\FindIndexOfFirstOccurenceInString_28.csproj", "{3371A742-6F54-44CF-8948-BE454C8A475E}"
EndProject
Project("{9A19103F-16F7-4668-BE54-9A1E7A4F7556}") = "SearchInRotatedSortedArray_33", "Medium\SearchInRotatedSortedArray_33\SearchInRotatedSortedArray_33.csproj", "{8EF9EF2F-704A-4492-9864-EBD79A551D79}"
EndProject
Project("{9A19103F-16F7-4668-BE54-9A1E7A4F7556}") = "FindFirstAndLastPositionOfElementInSortedArray_34", "Medium\FindFirstAndLastPositionOfElementInSortedArray_34\FindFirstAndLastPositionOfElementInSortedArray_34.csproj", "{04772429-A6C8-4F79-AFF6-82F80A117A49}"
EndProject
Project("{9A19103F-16F7-4668-BE54-9A1E7A4F7556}") = "ImplementStackUsingQueues_225", "Easy\ImplementStackUsingQueues_225\ImplementStackUsingQueues_225.csproj", "{73680A6A-FFB6-4EC4-A423-42724C61CC91}"
EndProject
Project("{9A19103F-16F7-4668-BE54-9A1E7A4F7556}") = "PrintInOrder_1114", "Concurrency\PrintInOrder_1114\PrintInOrder_1114.csproj", "{57197273-2A0E-4CD3-AB51-D611C4396BA6}"
EndProject
Project("{FAE04EC0-301F-11D3-BF4B-00C04F79EFBC}") = "SummaryRanges_228", "Easy\SummaryRanges_228\SummaryRanges_228.csproj", "{3B1370BD-81A2-4B48-8B38-E5C0FE1BA8E9}"
EndProject
Project("{FAE04EC0-301F-11D3-BF4B-00C04F79EFBC}") = "PowerOfTwo_231", "Easy\PowerOfTwo_231\PowerOfTwo_231.csproj", "{3EFF1C71-9810-49ED-8719-EEC28DE5D752}"
EndProject
Global
	GlobalSection(SolutionConfigurationPlatforms) = preSolution
		Debug|Any CPU = Debug|Any CPU
		Release|Any CPU = Release|Any CPU
	EndGlobalSection
	GlobalSection(ProjectConfigurationPlatforms) = postSolution
		{387DB167-6FDB-4F98-83EE-C964C35C1F72}.Debug|Any CPU.ActiveCfg = Debug|Any CPU
		{387DB167-6FDB-4F98-83EE-C964C35C1F72}.Debug|Any CPU.Build.0 = Debug|Any CPU
		{387DB167-6FDB-4F98-83EE-C964C35C1F72}.Release|Any CPU.ActiveCfg = Release|Any CPU
		{387DB167-6FDB-4F98-83EE-C964C35C1F72}.Release|Any CPU.Build.0 = Release|Any CPU
		{C2F7ADC1-0F2B-49AA-8813-2D9C2E8492B6}.Debug|Any CPU.ActiveCfg = Debug|Any CPU
		{C2F7ADC1-0F2B-49AA-8813-2D9C2E8492B6}.Debug|Any CPU.Build.0 = Debug|Any CPU
		{C2F7ADC1-0F2B-49AA-8813-2D9C2E8492B6}.Release|Any CPU.ActiveCfg = Release|Any CPU
		{C2F7ADC1-0F2B-49AA-8813-2D9C2E8492B6}.Release|Any CPU.Build.0 = Release|Any CPU
		{935E7B8C-ED5A-4F81-84F2-104BB84262A7}.Debug|Any CPU.ActiveCfg = Debug|Any CPU
		{935E7B8C-ED5A-4F81-84F2-104BB84262A7}.Debug|Any CPU.Build.0 = Debug|Any CPU
		{935E7B8C-ED5A-4F81-84F2-104BB84262A7}.Release|Any CPU.ActiveCfg = Release|Any CPU
		{935E7B8C-ED5A-4F81-84F2-104BB84262A7}.Release|Any CPU.Build.0 = Release|Any CPU
		{66061F1A-92EE-41AF-BD93-4CDA78847183}.Debug|Any CPU.ActiveCfg = Debug|Any CPU
		{66061F1A-92EE-41AF-BD93-4CDA78847183}.Debug|Any CPU.Build.0 = Debug|Any CPU
		{66061F1A-92EE-41AF-BD93-4CDA78847183}.Release|Any CPU.ActiveCfg = Release|Any CPU
		{66061F1A-92EE-41AF-BD93-4CDA78847183}.Release|Any CPU.Build.0 = Release|Any CPU
		{A3D113FA-80AB-4330-BEA0-FA14A7078296}.Debug|Any CPU.ActiveCfg = Debug|Any CPU
		{A3D113FA-80AB-4330-BEA0-FA14A7078296}.Debug|Any CPU.Build.0 = Debug|Any CPU
		{A3D113FA-80AB-4330-BEA0-FA14A7078296}.Release|Any CPU.ActiveCfg = Release|Any CPU
		{A3D113FA-80AB-4330-BEA0-FA14A7078296}.Release|Any CPU.Build.0 = Release|Any CPU
		{933DDDE1-0314-4A3A-8DCB-62C0633D51CE}.Debug|Any CPU.ActiveCfg = Debug|Any CPU
		{933DDDE1-0314-4A3A-8DCB-62C0633D51CE}.Debug|Any CPU.Build.0 = Debug|Any CPU
		{933DDDE1-0314-4A3A-8DCB-62C0633D51CE}.Release|Any CPU.ActiveCfg = Release|Any CPU
		{933DDDE1-0314-4A3A-8DCB-62C0633D51CE}.Release|Any CPU.Build.0 = Release|Any CPU
		{608F3CD1-CA1A-43F0-995C-1756B26FFEF5}.Debug|Any CPU.ActiveCfg = Debug|Any CPU
		{608F3CD1-CA1A-43F0-995C-1756B26FFEF5}.Debug|Any CPU.Build.0 = Debug|Any CPU
		{608F3CD1-CA1A-43F0-995C-1756B26FFEF5}.Release|Any CPU.ActiveCfg = Release|Any CPU
		{608F3CD1-CA1A-43F0-995C-1756B26FFEF5}.Release|Any CPU.Build.0 = Release|Any CPU
		{0768528F-C00E-477E-8A27-8FBE4896DA15}.Debug|Any CPU.ActiveCfg = Debug|Any CPU
		{0768528F-C00E-477E-8A27-8FBE4896DA15}.Debug|Any CPU.Build.0 = Debug|Any CPU
		{0768528F-C00E-477E-8A27-8FBE4896DA15}.Release|Any CPU.ActiveCfg = Release|Any CPU
		{0768528F-C00E-477E-8A27-8FBE4896DA15}.Release|Any CPU.Build.0 = Release|Any CPU
		{F7C281A8-6E13-49B2-A2FD-DECE5C1007C7}.Debug|Any CPU.ActiveCfg = Debug|Any CPU
		{F7C281A8-6E13-49B2-A2FD-DECE5C1007C7}.Debug|Any CPU.Build.0 = Debug|Any CPU
		{F7C281A8-6E13-49B2-A2FD-DECE5C1007C7}.Release|Any CPU.ActiveCfg = Release|Any CPU
		{F7C281A8-6E13-49B2-A2FD-DECE5C1007C7}.Release|Any CPU.Build.0 = Release|Any CPU
		{1BEE5ADF-4CB9-4881-868C-0E6B7CD56D31}.Debug|Any CPU.ActiveCfg = Debug|Any CPU
		{1BEE5ADF-4CB9-4881-868C-0E6B7CD56D31}.Debug|Any CPU.Build.0 = Debug|Any CPU
		{1BEE5ADF-4CB9-4881-868C-0E6B7CD56D31}.Release|Any CPU.ActiveCfg = Release|Any CPU
		{1BEE5ADF-4CB9-4881-868C-0E6B7CD56D31}.Release|Any CPU.Build.0 = Release|Any CPU
		{3A748726-BAE2-49CB-B9F9-984E5A84506B}.Debug|Any CPU.ActiveCfg = Debug|Any CPU
		{3A748726-BAE2-49CB-B9F9-984E5A84506B}.Debug|Any CPU.Build.0 = Debug|Any CPU
		{3A748726-BAE2-49CB-B9F9-984E5A84506B}.Release|Any CPU.ActiveCfg = Release|Any CPU
		{3A748726-BAE2-49CB-B9F9-984E5A84506B}.Release|Any CPU.Build.0 = Release|Any CPU
		{532F79EA-BBB3-4EAC-A1E2-C9BCED5A5488}.Debug|Any CPU.ActiveCfg = Debug|Any CPU
		{532F79EA-BBB3-4EAC-A1E2-C9BCED5A5488}.Debug|Any CPU.Build.0 = Debug|Any CPU
		{532F79EA-BBB3-4EAC-A1E2-C9BCED5A5488}.Release|Any CPU.ActiveCfg = Release|Any CPU
		{532F79EA-BBB3-4EAC-A1E2-C9BCED5A5488}.Release|Any CPU.Build.0 = Release|Any CPU
		{C3E11168-510F-4E24-B627-DB0E09E7AFEE}.Debug|Any CPU.ActiveCfg = Debug|Any CPU
		{C3E11168-510F-4E24-B627-DB0E09E7AFEE}.Debug|Any CPU.Build.0 = Debug|Any CPU
		{C3E11168-510F-4E24-B627-DB0E09E7AFEE}.Release|Any CPU.ActiveCfg = Release|Any CPU
		{C3E11168-510F-4E24-B627-DB0E09E7AFEE}.Release|Any CPU.Build.0 = Release|Any CPU
		{2DC0ED64-25E0-4CA9-8E5E-08D160B77D50}.Debug|Any CPU.ActiveCfg = Debug|Any CPU
		{2DC0ED64-25E0-4CA9-8E5E-08D160B77D50}.Debug|Any CPU.Build.0 = Debug|Any CPU
		{2DC0ED64-25E0-4CA9-8E5E-08D160B77D50}.Release|Any CPU.ActiveCfg = Release|Any CPU
		{2DC0ED64-25E0-4CA9-8E5E-08D160B77D50}.Release|Any CPU.Build.0 = Release|Any CPU
		{3371A742-6F54-44CF-8948-BE454C8A475E}.Debug|Any CPU.ActiveCfg = Debug|Any CPU
		{3371A742-6F54-44CF-8948-BE454C8A475E}.Debug|Any CPU.Build.0 = Debug|Any CPU
		{3371A742-6F54-44CF-8948-BE454C8A475E}.Release|Any CPU.ActiveCfg = Release|Any CPU
		{3371A742-6F54-44CF-8948-BE454C8A475E}.Release|Any CPU.Build.0 = Release|Any CPU
		{8EF9EF2F-704A-4492-9864-EBD79A551D79}.Debug|Any CPU.ActiveCfg = Debug|Any CPU
		{8EF9EF2F-704A-4492-9864-EBD79A551D79}.Debug|Any CPU.Build.0 = Debug|Any CPU
		{8EF9EF2F-704A-4492-9864-EBD79A551D79}.Release|Any CPU.ActiveCfg = Release|Any CPU
		{8EF9EF2F-704A-4492-9864-EBD79A551D79}.Release|Any CPU.Build.0 = Release|Any CPU
		{04772429-A6C8-4F79-AFF6-82F80A117A49}.Debug|Any CPU.ActiveCfg = Debug|Any CPU
		{04772429-A6C8-4F79-AFF6-82F80A117A49}.Debug|Any CPU.Build.0 = Debug|Any CPU
		{04772429-A6C8-4F79-AFF6-82F80A117A49}.Release|Any CPU.ActiveCfg = Release|Any CPU
		{04772429-A6C8-4F79-AFF6-82F80A117A49}.Release|Any CPU.Build.0 = Release|Any CPU
		{73680A6A-FFB6-4EC4-A423-42724C61CC91}.Debug|Any CPU.ActiveCfg = Debug|Any CPU
		{73680A6A-FFB6-4EC4-A423-42724C61CC91}.Debug|Any CPU.Build.0 = Debug|Any CPU
		{73680A6A-FFB6-4EC4-A423-42724C61CC91}.Release|Any CPU.ActiveCfg = Release|Any CPU
		{73680A6A-FFB6-4EC4-A423-42724C61CC91}.Release|Any CPU.Build.0 = Release|Any CPU
		{57197273-2A0E-4CD3-AB51-D611C4396BA6}.Debug|Any CPU.ActiveCfg = Debug|Any CPU
		{57197273-2A0E-4CD3-AB51-D611C4396BA6}.Debug|Any CPU.Build.0 = Debug|Any CPU
		{57197273-2A0E-4CD3-AB51-D611C4396BA6}.Release|Any CPU.ActiveCfg = Release|Any CPU
		{57197273-2A0E-4CD3-AB51-D611C4396BA6}.Release|Any CPU.Build.0 = Release|Any CPU
		{3B1370BD-81A2-4B48-8B38-E5C0FE1BA8E9}.Debug|Any CPU.ActiveCfg = Debug|Any CPU
		{3B1370BD-81A2-4B48-8B38-E5C0FE1BA8E9}.Debug|Any CPU.Build.0 = Debug|Any CPU
		{3B1370BD-81A2-4B48-8B38-E5C0FE1BA8E9}.Release|Any CPU.ActiveCfg = Release|Any CPU
		{3B1370BD-81A2-4B48-8B38-E5C0FE1BA8E9}.Release|Any CPU.Build.0 = Release|Any CPU
		{3EFF1C71-9810-49ED-8719-EEC28DE5D752}.Debug|Any CPU.ActiveCfg = Debug|Any CPU
		{3EFF1C71-9810-49ED-8719-EEC28DE5D752}.Debug|Any CPU.Build.0 = Debug|Any CPU
		{3EFF1C71-9810-49ED-8719-EEC28DE5D752}.Release|Any CPU.ActiveCfg = Release|Any CPU
		{3EFF1C71-9810-49ED-8719-EEC28DE5D752}.Release|Any CPU.Build.0 = Release|Any CPU
	EndGlobalSection
	GlobalSection(SolutionProperties) = preSolution
		HideSolutionNode = FALSE
	EndGlobalSection
	GlobalSection(ExtensibilityGlobals) = postSolution
		SolutionGuid = {E38E511F-E17D-4190-BE52-0E8C624E6B48}
	EndGlobalSection
EndGlobal
